// !$*UTF8*$!
{
	archiveVersion = 1;
	classes = {
	};
	objectVersion = 46;
	objects = {

/* Begin PBXBuildFile section */
		F8FA7B4B1EF0512E00A3CDAA /* main.m in Sources */ = {isa = PBXBuildFile; fileRef = F8FA7B4A1EF0512E00A3CDAA /* main.m */; };
		F8FA7B501EF0512E00A3CDAA /* Assets.xcassets in Resources */ = {isa = PBXBuildFile; fileRef = F8FA7B4F1EF0512E00A3CDAA /* Assets.xcassets */; };
		F8FA7B531EF0512E00A3CDAA /* Main.storyboard in Resources */ = {isa = PBXBuildFile; fileRef = F8FA7B511EF0512E00A3CDAA /* Main.storyboard */; };
		F8FA7B641EF0514C00A3CDAA /* AnimationManager.m in Sources */ = {isa = PBXBuildFile; fileRef = F8FA7B5B1EF0514C00A3CDAA /* AnimationManager.m */; };
		F8FA7B651EF0514C00A3CDAA /* AppDelegate.m in Sources */ = {isa = PBXBuildFile; fileRef = F8FA7B5D1EF0514C00A3CDAA /* AppDelegate.m */; };
		F8FA7B661EF0514C00A3CDAA /* CenCheckBox.m in Sources */ = {isa = PBXBuildFile; fileRef = F8FA7B5F1EF0514C00A3CDAA /* CenCheckBox.m */; };
		F8FA7B671EF0514C00A3CDAA /* NSBezierPath.m in Sources */ = {isa = PBXBuildFile; fileRef = F8FA7B611EF0514C00A3CDAA /* NSBezierPath.m */; };
		F8FA7B681EF0514C00A3CDAA /* PathManager.m in Sources */ = {isa = PBXBuildFile; fileRef = F8FA7B631EF0514C00A3CDAA /* PathManager.m */; };
/* End PBXBuildFile section */

/* Begin PBXFileReference section */
		F8FA7B431EF0512E00A3CDAA /* CenCheckbox.app */ = {isa = PBXFileReference; explicitFileType = wrapper.application; includeInIndex = 0; path = CenCheckbox.app; sourceTree = BUILT_PRODUCTS_DIR; };
		F8FA7B4A1EF0512E00A3CDAA /* main.m */ = {isa = PBXFileReference; lastKnownFileType = sourcecode.c.objc; path = main.m; sourceTree = "<group>"; };
		F8FA7B4F1EF0512E00A3CDAA /* Assets.xcassets */ = {isa = PBXFileReference; lastKnownFileType = folder.assetcatalog; path = Assets.xcassets; sourceTree = "<group>"; };
		F8FA7B521EF0512E00A3CDAA /* Base */ = {isa = PBXFileReference; lastKnownFileType = file.storyboard; name = Base; path = Base.lproj/Main.storyboard; sourceTree = "<group>"; };
		F8FA7B541EF0512E00A3CDAA /* Info.plist */ = {isa = PBXFileReference; lastKnownFileType = text.plist.xml; path = Info.plist; sourceTree = "<group>"; };
		F8FA7B5A1EF0514C00A3CDAA /* AnimationManager.h */ = {isa = PBXFileReference; fileEncoding = 4; lastKnownFileType = sourcecode.c.h; path = AnimationManager.h; sourceTree = "<group>"; };
		F8FA7B5B1EF0514C00A3CDAA /* AnimationManager.m */ = {isa = PBXFileReference; fileEncoding = 4; lastKnownFileType = sourcecode.c.objc; path = AnimationManager.m; sourceTree = "<group>"; };
		F8FA7B5C1EF0514C00A3CDAA /* AppDelegate.h */ = {isa = PBXFileReference; fileEncoding = 4; lastKnownFileType = sourcecode.c.h; path = AppDelegate.h; sourceTree = "<group>"; };
		F8FA7B5D1EF0514C00A3CDAA /* AppDelegate.m */ = {isa = PBXFileReference; fileEncoding = 4; lastKnownFileType = sourcecode.c.objc; path = AppDelegate.m; sourceTree = "<group>"; };
		F8FA7B5E1EF0514C00A3CDAA /* CenCheckBox.h */ = {isa = PBXFileReference; fileEncoding = 4; lastKnownFileType = sourcecode.c.h; path = CenCheckBox.h; sourceTree = "<group>"; };
		F8FA7B5F1EF0514C00A3CDAA /* CenCheckBox.m */ = {isa = PBXFileReference; fileEncoding = 4; lastKnownFileType = sourcecode.c.objc; path = CenCheckBox.m; sourceTree = "<group>"; };
		F8FA7B601EF0514C00A3CDAA /* NSBezierPath.h */ = {isa = PBXFileReference; fileEncoding = 4; lastKnownFileType = sourcecode.c.h; path = NSBezierPath.h; sourceTree = "<group>"; };
		F8FA7B611EF0514C00A3CDAA /* NSBezierPath.m */ = {isa = PBXFileReference; fileEncoding = 4; lastKnownFileType = sourcecode.c.objc; path = NSBezierPath.m; sourceTree = "<group>"; };
		F8FA7B621EF0514C00A3CDAA /* PathManager.h */ = {isa = PBXFileReference; fileEncoding = 4; lastKnownFileType = sourcecode.c.h; path = PathManager.h; sourceTree = "<group>"; };
		F8FA7B631EF0514C00A3CDAA /* PathManager.m */ = {isa = PBXFileReference; fileEncoding = 4; lastKnownFileType = sourcecode.c.objc; path = PathManager.m; sourceTree = "<group>"; };
/* End PBXFileReference section */

/* Begin PBXFrameworksBuildPhase section */
		F8FA7B401EF0512E00A3CDAA /* Frameworks */ = {
			isa = PBXFrameworksBuildPhase;
			buildActionMask = 2147483647;
			files = (
			);
			runOnlyForDeploymentPostprocessing = 0;
		};
/* End PBXFrameworksBuildPhase section */

/* Begin PBXGroup section */
		F8FA7B3A1EF0512E00A3CDAA = {
			isa = PBXGroup;
			children = (
				F8FA7B451EF0512E00A3CDAA /* CenCheckbox */,
				F8FA7B441EF0512E00A3CDAA /* Products */,
			);
			sourceTree = "<group>";
		};
		F8FA7B441EF0512E00A3CDAA /* Products */ = {
			isa = PBXGroup;
			children = (
				F8FA7B431EF0512E00A3CDAA /* CenCheckbox.app */,
			);
			name = Products;
			sourceTree = "<group>";
		};
		F8FA7B451EF0512E00A3CDAA /* CenCheckbox */ = {
			isa = PBXGroup;
			children = (
				F8FA7B5C1EF0514C00A3CDAA /* AppDelegate.h */,
				F8FA7B5D1EF0514C00A3CDAA /* AppDelegate.m */,
				F8FA7B5E1EF0514C00A3CDAA /* CenCheckBox.h */,
				F8FA7B5F1EF0514C00A3CDAA /* CenCheckBox.m */,
				F8FA7B601EF0514C00A3CDAA /* NSBezierPath.h */,
				F8FA7B611EF0514C00A3CDAA /* NSBezierPath.m */,
				F8FA7B621EF0514C00A3CDAA /* PathManager.h */,
				F8FA7B631EF0514C00A3CDAA /* PathManager.m */,
				F8FA7B5A1EF0514C00A3CDAA /* AnimationManager.h */,
				F8FA7B5B1EF0514C00A3CDAA /* AnimationManager.m */,
				F8FA7B4F1EF0512E00A3CDAA /* Assets.xcassets */,
				F8FA7B511EF0512E00A3CDAA /* Main.storyboard */,
				F8FA7B541EF0512E00A3CDAA /* Info.plist */,
				F8FA7B491EF0512E00A3CDAA /* Supporting Files */,
			);
			path = CenCheckbox;
			sourceTree = "<group>";
		};
		F8FA7B491EF0512E00A3CDAA /* Supporting Files */ = {
			isa = PBXGroup;
			children = (
				F8FA7B4A1EF0512E00A3CDAA /* main.m */,
			);
			name = "Supporting Files";
			sourceTree = "<group>";
		};
/* End PBXGroup section */

/* Begin PBXNativeTarget section */
		F8FA7B421EF0512E00A3CDAA /* CenCheckbox */ = {
			isa = PBXNativeTarget;
			buildConfigurationList = F8FA7B571EF0512E00A3CDAA /* Build configuration list for PBXNativeTarget "CenCheckbox" */;
			buildPhases = (
				F8FA7B3F1EF0512E00A3CDAA /* Sources */,
				F8FA7B401EF0512E00A3CDAA /* Frameworks */,
				F8FA7B411EF0512E00A3CDAA /* Resources */,
			);
			buildRules = (
			);
			dependencies = (
			);
			name = CenCheckbox;
			productName = CenCheckbox;
			productReference = F8FA7B431EF0512E00A3CDAA /* CenCheckbox.app */;
			productType = "com.apple.product-type.application";
		};
/* End PBXNativeTarget section */

/* Begin PBXProject section */
		F8FA7B3B1EF0512E00A3CDAA /* Project object */ = {
			isa = PBXProject;
			attributes = {
				LastUpgradeCheck = 0830;
				ORGANIZATIONNAME = boo;
				TargetAttributes = {
					F8FA7B421EF0512E00A3CDAA = {
						CreatedOnToolsVersion = 8.3.3;
						ProvisioningStyle = Automatic;
					};
				};
			};
			buildConfigurationList = F8FA7B3E1EF0512E00A3CDAA /* Build configuration list for PBXProject "CenCheckbox" */;
			compatibilityVersion = "Xcode 3.2";
			developmentRegion = English;
			hasScannedForEncodings = 0;
			knownRegions = (
				en,
				Base,
			);
			mainGroup = F8FA7B3A1EF0512E00A3CDAA;
			productRefGroup = F8FA7B441EF0512E00A3CDAA /* Products */;
			projectDirPath = "";
			projectRoot = "";
			targets = (
				F8FA7B421EF0512E00A3CDAA /* CenCheckbox */,
			);
		};
/* End PBXProject section */

/* Begin PBXResourcesBuildPhase section */
		F8FA7B411EF0512E00A3CDAA /* Resources */ = {
			isa = PBXResourcesBuildPhase;
			buildActionMask = 2147483647;
			files = (
				F8FA7B501EF0512E00A3CDAA /* Assets.xcassets in Resources */,
				F8FA7B531EF0512E00A3CDAA /* Main.storyboard in Resources */,
			);
			runOnlyForDeploymentPostprocessing = 0;
		};
/* End PBXResourcesBuildPhase section */

/* Begin PBXSourcesBuildPhase section */
		F8FA7B3F1EF0512E00A3CDAA /* Sources */ = {
			isa = PBXSourcesBuildPhase;
			buildActionMask = 2147483647;
			files = (
				F8FA7B641EF0514C00A3CDAA /* AnimationManager.m in Sources */,
				F8FA7B661EF0514C00A3CDAA /* CenCheckBox.m in Sources */,
				F8FA7B681EF0514C00A3CDAA /* PathManager.m in Sources */,
				F8FA7B4B1EF0512E00A3CDAA /* main.m in Sources */,
				F8FA7B671EF0514C00A3CDAA /* NSBezierPath.m in Sources */,
				F8FA7B651EF0514C00A3CDAA /* AppDelegate.m in Sources */,
			);
			runOnlyForDeploymentPostprocessing = 0;
		};
/* End PBXSourcesBuildPhase section */

/* Begin PBXVariantGroup section */
		F8FA7B511EF0512E00A3CDAA /* Main.storyboard */ = {
			isa = PBXVariantGroup;
			children = (
				F8FA7B521EF0512E00A3CDAA /* Base */,
			);
			name = Main.storyboard;
			sourceTree = "<group>";
		};
/* End PBXVariantGroup section */

/* Begin XCBuildConfiguration section */
		F8FA7B551EF0512E00A3CDAA /* Debug */ = {
			isa = XCBuildConfiguration;
			buildSettings = {
				ALWAYS_SEARCH_USER_PATHS = NO;
				CLANG_ANALYZER_NONNULL = YES;
				CLANG_ANALYZER_NUMBER_OBJECT_CONVERSION = YES_AGGRESSIVE;
				CLANG_CXX_LANGUAGE_STANDARD = "gnu++0x";
				CLANG_CXX_LIBRARY = "libc++";
				CLANG_ENABLE_MODULES = YES;
				CLANG_ENABLE_OBJC_ARC = YES;
				CLANG_WARN_BOOL_CONVERSION = YES;
				CLANG_WARN_CONSTANT_CONVERSION = YES;
				CLANG_WARN_DIRECT_OBJC_ISA_USAGE = YES_ERROR;
				CLANG_WARN_DOCUMENTATION_COMMENTS = YES;
				CLANG_WARN_EMPTY_BODY = YES;
				CLANG_WARN_ENUM_CONVERSION = YES;
				CLANG_WARN_INFINITE_RECURSION = YES;
				CLANG_WARN_INT_CONVERSION = YES;
				CLANG_WARN_OBJC_ROOT_CLASS = YES_ERROR;
				CLANG_WARN_SUSPICIOUS_MOVE = YES;
				CLANG_WARN_UNREACHABLE_CODE = YES;
				CLANG_WARN__DUPLICATE_METHOD_MATCH = YES;
				CODE_SIGN_IDENTITY = "-";
				COPY_PHASE_STRIP = NO;
				DEBUG_INFORMATION_FORMAT = dwarf;
				ENABLE_STRICT_OBJC_MSGSEND = YES;
				ENABLE_TESTABILITY = YES;
				GCC_C_LANGUAGE_STANDARD = gnu99;
				GCC_DYNAMIC_NO_PIC = NO;
				GCC_NO_COMMON_BLOCKS = YES;
				GCC_OPTIMIZATION_LEVEL = 0;
				GCC_PREPROCESSOR_DEFINITIONS = (
					"DEBUG=1",
					"$(inherited)",
				);
				GCC_WARN_64_TO_32_BIT_CONVERSION = YES;
				GCC_WARN_ABOUT_RETURN_TYPE = YES_ERROR;
				GCC_WARN_UNDECLARED_SELECTOR = YES;
				GCC_WARN_UNINITIALIZED_AUTOS = YES_AGGRESSIVE;
				GCC_WARN_UNUSED_FUNCTION = YES;
				GCC_WARN_UNUSED_VARIABLE = YES;
				MACOSX_DEPLOYMENT_TARGET = 10.12;
				MTL_ENABLE_DEBUG_INFO = YES;
				ONLY_ACTIVE_ARCH = YES;
				SDKROOT = macosx;
			};
			name = Debug;
		};
		F8FA7B561EF0512E00A3CDAA /* Release */ = {
			isa = XCBuildConfiguration;
			buildSettings = {
				ALWAYS_SEARCH_USER_PATHS = NO;
				CLANG_ANALYZER_NONNULL = YES;
				CLANG_ANALYZER_NUMBER_OBJECT_CONVERSION = YES_AGGRESSIVE;
				CLANG_CXX_LANGUAGE_STANDARD = "gnu++0x";
				CLANG_CXX_LIBRARY = "libc++";
				CLANG_ENABLE_MODULES = YES;
				CLANG_ENABLE_OBJC_ARC = YES;
				CLANG_WARN_BOOL_CONVERSION = YES;
				CLANG_WARN_CONSTANT_CONVERSION = YES;
				CLANG_WARN_DIRECT_OBJC_ISA_USAGE = YES_ERROR;
				CLANG_WARN_DOCUMENTATION_COMMENTS = YES;
				CLANG_WARN_EMPTY_BODY = YES;
				CLANG_WARN_ENUM_CONVERSION = YES;
				CLANG_WARN_INFINITE_RECURSION = YES;
				CLANG_WARN_INT_CONVERSION = YES;
				CLANG_WARN_OBJC_ROOT_CLASS = YES_ERROR;
				CLANG_WARN_SUSPICIOUS_MOVE = YES;
				CLANG_WARN_UNREACHABLE_CODE = YES;
				CLANG_WARN__DUPLICATE_METHOD_MATCH = YES;
				CODE_SIGN_IDENTITY = "-";
				COPY_PHASE_STRIP = NO;
				DEBUG_INFORMATION_FORMAT = "dwarf-with-dsym";
				ENABLE_NS_ASSERTIONS = NO;
				ENABLE_STRICT_OBJC_MSGSEND = YES;
				GCC_C_LANGUAGE_STANDARD = gnu99;
				GCC_NO_COMMON_BLOCKS = YES;
				GCC_WARN_64_TO_32_BIT_CONVERSION = YES;
				GCC_WARN_ABOUT_RETURN_TYPE = YES_ERROR;
				GCC_WARN_UNDECLARED_SELECTOR = YES;
				GCC_WARN_UNINITIALIZED_AUTOS = YES_AGGRESSIVE;
				GCC_WARN_UNUSED_FUNCTION = YES;
				GCC_WARN_UNUSED_VARIABLE = YES;
				MACOSX_DEPLOYMENT_TARGET = 10.12;
				MTL_ENABLE_DEBUG_INFO = NO;
				SDKROOT = macosx;
			};
			name = Release;
		};
		F8FA7B581EF0512E00A3CDAA /* Debug */ = {
			isa = XCBuildConfiguration;
			buildSettings = {
				ASSETCATALOG_COMPILER_APPICON_NAME = AppIcon;
				COMBINE_HIDPI_IMAGES = YES;
				INFOPLIST_FILE = CenCheckbox/Info.plist;
				LD_RUNPATH_SEARCH_PATHS = "$(inherited) @executable_path/../Frameworks";
				PRODUCT_BUNDLE_IDENTIFIER = bo.CenCheckbox;
				PRODUCT_NAME = "$(TARGET_NAME)";
			};
			name = Debug;
		};
		F8FA7B591EF0512E00A3CDAA /* Release */ = {
			isa = XCBuildConfiguration;
			buildSettings = {
				ASSETCATALOG_COMPILER_APPICON_NAME = AppIcon;
				COMBINE_HIDPI_IMAGES = YES;
				INFOPLIST_FILE = CenCheckbox/Info.plist;
				LD_RUNPATH_SEARCH_PATHS = "$(inherited) @executable_path/../Frameworks";
				PRODUCT_BUNDLE_IDENTIFIER = bo.CenCheckbox;
				PRODUCT_NAME = "$(TARGET_NAME)";
			};
			name = Release;
		};
/* End XCBuildConfiguration section */

/* Begin XCConfigurationList section */
		F8FA7B3E1EF0512E00A3CDAA /* Build configuration list for PBXProject "CenCheckbox" */ = {
			isa = XCConfigurationList;
			buildConfigurations = (
				F8FA7B551EF0512E00A3CDAA /* Debug */,
				F8FA7B561EF0512E00A3CDAA /* Release */,
			);
			defaultConfigurationIsVisible = 0;
			defaultConfigurationName = Release;
		};
		F8FA7B571EF0512E00A3CDAA /* Build configuration list for PBXNativeTarget "CenCheckbox" */ = {
			isa = XCConfigurationList;
			buildConfigurations = (
				F8FA7B581EF0512E00A3CDAA /* Debug */,
				F8FA7B591EF0512E00A3CDAA /* Release */,
			);
			defaultConfigurationIsVisible = 0;
		};
/* End XCConfigurationList section */
	};
	rootObject = F8FA7B3B1EF0512E00A3CDAA /* Project object */;
}
